// !$*UTF8*$!
{
	archiveVersion = 1;
	classes = {
	};
	objectVersion = 46;
	objects = {

/* Begin PBXBuildFile section */
		555C8A631F29B73200567282 /* main.m in Sources */ = {isa = PBXBuildFile; fileRef = 555C8A621F29B73200567282 /* main.m */; };
		555C8A6C1F29B79300567282 /* ULICommandLineApplication.m in Sources */ = {isa = PBXBuildFile; fileRef = 555C8A6B1F29B79300567282 /* ULICommandLineApplication.m */; };
		555C8A6F1F29B7E000567282 /* OCSApplication.m in Sources */ = {isa = PBXBuildFile; fileRef = 555C8A6E1F29B7E000567282 /* OCSApplication.m */; };
		555C8A711F29BEB100567282 /* testfile.strings in CopyFiles */ = {isa = PBXBuildFile; fileRef = 555C8A691F29B75A00567282 /* testfile.strings */; };
/* End PBXBuildFile section */

/* Begin PBXCopyFilesBuildPhase section */
		555C8A5D1F29B73100567282 /* CopyFiles */ = {
			isa = PBXCopyFilesBuildPhase;
			buildActionMask = 12;
			dstPath = "";
			dstSubfolderSpec = 16;
			files = (
				555C8A711F29BEB100567282 /* testfile.strings in CopyFiles */,
			);
			runOnlyForDeploymentPostprocessing = 0;
		};
/* End PBXCopyFilesBuildPhase section */

/* Begin PBXFileReference section */
		555C8A5F1F29B73100567282 /* ocstrings */ = {isa = PBXFileReference; explicitFileType = "compiled.mach-o.executable"; includeInIndex = 0; path = ocstrings; sourceTree = BUILT_PRODUCTS_DIR; };
		555C8A621F29B73200567282 /* main.m */ = {isa = PBXFileReference; lastKnownFileType = sourcecode.c.objc; path = main.m; sourceTree = "<group>"; };
		555C8A691F29B75A00567282 /* testfile.strings */ = {isa = PBXFileReference; fileEncoding = 4; lastKnownFileType = text.plist.strings; path = testfile.strings; sourceTree = "<group>"; };
		555C8A6A1F29B79300567282 /* ULICommandLineApplication.h */ = {isa = PBXFileReference; fileEncoding = 4; lastKnownFileType = sourcecode.c.h; path = ULICommandLineApplication.h; sourceTree = "<group>"; };
		555C8A6B1F29B79300567282 /* ULICommandLineApplication.m */ = {isa = PBXFileReference; fileEncoding = 4; lastKnownFileType = sourcecode.c.objc; path = ULICommandLineApplication.m; sourceTree = "<group>"; };
		555C8A6D1F29B7E000567282 /* OCSApplication.h */ = {isa = PBXFileReference; fileEncoding = 4; lastKnownFileType = sourcecode.c.h; path = OCSApplication.h; sourceTree = "<group>"; };
		555C8A6E1F29B7E000567282 /* OCSApplication.m */ = {isa = PBXFileReference; fileEncoding = 4; lastKnownFileType = sourcecode.c.objc; path = OCSApplication.m; sourceTree = "<group>"; };
/* End PBXFileReference section */

/* Begin PBXFrameworksBuildPhase section */
		555C8A5C1F29B73100567282 /* Frameworks */ = {
			isa = PBXFrameworksBuildPhase;
			buildActionMask = 2147483647;
			files = (
			);
			runOnlyForDeploymentPostprocessing = 0;
		};
/* End PBXFrameworksBuildPhase section */

/* Begin PBXGroup section */
		555C8A561F29B73100567282 = {
			isa = PBXGroup;
			children = (
				555C8A691F29B75A00567282 /* testfile.strings */,
				555C8A611F29B73200567282 /* ocstrings */,
				555C8A701F29B7ED00567282 /* Support Files */,
				555C8A601F29B73100567282 /* Products */,
			);
			sourceTree = "<group>";
		};
		555C8A601F29B73100567282 /* Products */ = {
			isa = PBXGroup;
			children = (
				555C8A5F1F29B73100567282 /* ocstrings */,
			);
			name = Products;
			sourceTree = "<group>";
		};
		555C8A611F29B73200567282 /* ocstrings */ = {
			isa = PBXGroup;
			children = (
				555C8A6D1F29B7E000567282 /* OCSApplication.h */,
				555C8A6E1F29B7E000567282 /* OCSApplication.m */,
			);
			path = ocstrings;
			sourceTree = "<group>";
		};
		555C8A701F29B7ED00567282 /* Support Files */ = {
			isa = PBXGroup;
			children = (
				555C8A6A1F29B79300567282 /* ULICommandLineApplication.h */,
				555C8A6B1F29B79300567282 /* ULICommandLineApplication.m */,
				555C8A621F29B73200567282 /* main.m */,
			);
			name = "Support Files";
			path = ocstrings;
			sourceTree = "<group>";
		};
/* End PBXGroup section */

/* Begin PBXNativeTarget section */
		555C8A5E1F29B73100567282 /* ocstrings */ = {
			isa = PBXNativeTarget;
			buildConfigurationList = 555C8A661F29B73200567282 /* Build configuration list for PBXNativeTarget "ocstrings" */;
			buildPhases = (
				555C8A5B1F29B73100567282 /* Sources */,
				555C8A5C1F29B73100567282 /* Frameworks */,
				555C8A5D1F29B73100567282 /* CopyFiles */,
			);
			buildRules = (
			);
			dependencies = (
			);
			name = ocstrings;
			productName = ocstrings;
			productReference = 555C8A5F1F29B73100567282 /* ocstrings */;
			productType = "com.apple.product-type.tool";
		};
/* End PBXNativeTarget section */

/* Begin PBXProject section */
		555C8A571F29B73100567282 /* Project object */ = {
			isa = PBXProject;
			attributes = {
				LastUpgradeCheck = 0830;
				ORGANIZATIONNAME = "Uli Kusterer";
				TargetAttributes = {
					555C8A5E1F29B73100567282 = {
						CreatedOnToolsVersion = 8.3.3;
						DevelopmentTeam = RCKXACKVZS;
						ProvisioningStyle = Automatic;
					};
				};
			};
			buildConfigurationList = 555C8A5A1F29B73100567282 /* Build configuration list for PBXProject "ocstrings" */;
			compatibilityVersion = "Xcode 3.2";
			developmentRegion = English;
			hasScannedForEncodings = 0;
			knownRegions = (
				en,
			);
			mainGroup = 555C8A561F29B73100567282;
			productRefGroup = 555C8A601F29B73100567282 /* Products */;
			projectDirPath = "";
			projectRoot = "";
			targets = (
				555C8A5E1F29B73100567282 /* ocstrings */,
			);
		};
/* End PBXProject section */

/* Begin PBXSourcesBuildPhase section */
		555C8A5B1F29B73100567282 /* Sources */ = {
			isa = PBXSourcesBuildPhase;
			buildActionMask = 2147483647;
			files = (
				555C8A631F29B73200567282 /* main.m in Sources */,
				555C8A6C1F29B79300567282 /* ULICommandLineApplication.m in Sources */,
				555C8A6F1F29B7E000567282 /* OCSApplication.m in Sources */,
			);
			runOnlyForDeploymentPostprocessing = 0;
		};
/* End PBXSourcesBuildPhase section */

/* Begin XCBuildConfiguration section */
		555C8A641F29B73200567282 /* Debug */ = {
			isa = XCBuildConfiguration;
			buildSettings = {
				ALWAYS_SEARCH_USER_PATHS = NO;
				CLANG_ANALYZER_NONNULL = YES;
				CLANG_ANALYZER_NUMBER_OBJECT_CONVERSION = YES_AGGRESSIVE;
				CLANG_CXX_LANGUAGE_STANDARD = "gnu++0x";
				CLANG_CXX_LIBRARY = "libc++";
				CLANG_ENABLE_MODULES = YES;
				CLANG_ENABLE_OBJC_ARC = YES;
				CLANG_WARN_BOOL_CONVERSION = YES;
				CLANG_WARN_CONSTANT_CONVERSION = YES;
				CLANG_WARN_DIRECT_OBJC_ISA_USAGE = YES_ERROR;
				CLANG_WARN_DOCUMENTATION_COMMENTS = YES;
				CLANG_WARN_EMPTY_BODY = YES;
				CLANG_WARN_ENUM_CONVERSION = YES;
				CLANG_WARN_INFINITE_RECURSION = YES;
				CLANG_WARN_INT_CONVERSION = YES;
				CLANG_WARN_OBJC_ROOT_CLASS = YES_ERROR;
				CLANG_WARN_SUSPICIOUS_MOVE = YES;
				CLANG_WARN_UNREACHABLE_CODE = YES;
				CLANG_WARN__DUPLICATE_METHOD_MATCH = YES;
				CODE_SIGN_IDENTITY = "-";
				COPY_PHASE_STRIP = NO;
				DEBUG_INFORMATION_FORMAT = dwarf;
				ENABLE_STRICT_OBJC_MSGSEND = YES;
				ENABLE_TESTABILITY = YES;
				GCC_C_LANGUAGE_STANDARD = gnu99;
				GCC_DYNAMIC_NO_PIC = NO;
				GCC_NO_COMMON_BLOCKS = YES;
				GCC_OPTIMIZATION_LEVEL = 0;
				GCC_PREPROCESSOR_DEFINITIONS = (
					"DEBUG=1",
					"$(inherited)",
				);
				GCC_WARN_64_TO_32_BIT_CONVERSION = YES;
				GCC_WARN_ABOUT_RETURN_TYPE = YES_ERROR;
				GCC_WARN_UNDECLARED_SELECTOR = YES;
				GCC_WARN_UNINITIALIZED_AUTOS = YES_AGGRESSIVE;
				GCC_WARN_UNUSED_FUNCTION = YES;
				GCC_WARN_UNUSED_VARIABLE = YES;
				MACOSX_DEPLOYMENT_TARGET = 10.12;
				MTL_ENABLE_DEBUG_INFO = YES;
				ONLY_ACTIVE_ARCH = YES;
				SDKROOT = macosx;
			};
			name = Debug;
		};
		555C8A651F29B73200567282 /* Release */ = {
			isa = XCBuildConfiguration;
			buildSettings = {
				ALWAYS_SEARCH_USER_PATHS = NO;
				CLANG_ANALYZER_NONNULL = YES;
				CLANG_ANALYZER_NUMBER_OBJECT_CONVERSION = YES_AGGRESSIVE;
				CLANG_CXX_LANGUAGE_STANDARD = "gnu++0x";
				CLANG_CXX_LIBRARY = "libc++";
				CLANG_ENABLE_MODULES = YES;
				CLANG_ENABLE_OBJC_ARC = YES;
				CLANG_WARN_BOOL_CONVERSION = YES;
				CLANG_WARN_CONSTANT_CONVERSION = YES;
				CLANG_WARN_DIRECT_OBJC_ISA_USAGE = YES_ERROR;
				CLANG_WARN_DOCUMENTATION_COMMENTS = YES;
				CLANG_WARN_EMPTY_BODY = YES;
				CLANG_WARN_ENUM_CONVERSION = YES;
				CLANG_WARN_INFINITE_RECURSION = YES;
				CLANG_WARN_INT_CONVERSION = YES;
				CLANG_WARN_OBJC_ROOT_CLASS = YES_ERROR;
				CLANG_WARN_SUSPICIOUS_MOVE = YES;
				CLANG_WARN_UNREACHABLE_CODE = YES;
				CLANG_WARN__DUPLICATE_METHOD_MATCH = YES;
				CODE_SIGN_IDENTITY = "-";
				COPY_PHASE_STRIP = NO;
				DEBUG_INFORMATION_FORMAT = "dwarf-with-dsym";
				ENABLE_NS_ASSERTIONS = NO;
				ENABLE_STRICT_OBJC_MSGSEND = YES;
				GCC_C_LANGUAGE_STANDARD = gnu99;
				GCC_NO_COMMON_BLOCKS = YES;
				GCC_WARN_64_TO_32_BIT_CONVERSION = YES;
				GCC_WARN_ABOUT_RETURN_TYPE = YES_ERROR;
				GCC_WARN_UNDECLARED_SELECTOR = YES;
				GCC_WARN_UNINITIALIZED_AUTOS = YES_AGGRESSIVE;
				GCC_WARN_UNUSED_FUNCTION = YES;
				GCC_WARN_UNUSED_VARIABLE = YES;
				MACOSX_DEPLOYMENT_TARGET = 10.12;
				MTL_ENABLE_DEBUG_INFO = NO;
				SDKROOT = macosx;
			};
			name = Release;
		};
		555C8A671F29B73200567282 /* Debug */ = {
			isa = XCBuildConfiguration;
			buildSettings = {
				DEVELOPMENT_TEAM = RCKXACKVZS;
				PRODUCT_NAME = "$(TARGET_NAME)";
			};
			name = Debug;
		};
		555C8A681F29B73200567282 /* Release */ = {
			isa = XCBuildConfiguration;
			buildSettings = {
				DEVELOPMENT_TEAM = RCKXACKVZS;
				PRODUCT_NAME = "$(TARGET_NAME)";
			};
			name = Release;
		};
/* End XCBuildConfiguration section */

/* Begin XCConfigurationList section */
		555C8A5A1F29B73100567282 /* Build configuration list for PBXProject "ocstrings" */ = {
			isa = XCConfigurationList;
			buildConfigurations = (
				555C8A641F29B73200567282 /* Debug */,
				555C8A651F29B73200567282 /* Release */,
			);
			defaultConfigurationIsVisible = 0;
			defaultConfigurationName = Release;
		};
		555C8A661F29B73200567282 /* Build configuration list for PBXNativeTarget "ocstrings" */ = {
			isa = XCConfigurationList;
			buildConfigurations = (
				555C8A671F29B73200567282 /* Debug */,
				555C8A681F29B73200567282 /* Release */,
			);
			defaultConfigurationIsVisible = 0;
		};
/* End XCConfigurationList section */
	};
	rootObject = 555C8A571F29B73100567282 /* Project object */;
}
